// !$*UTF8*$!
{
	archiveVersion = 1;
	classes = {
	};
	objectVersion = 46;
	objects = {

/* Begin PBXBuildFile section */
		398CFBE41F31F03B006F8A0C /* AppleScriptObjC.framework in Frameworks */ = {isa = PBXBuildFile; fileRef = 398CFBE31F31F03B006F8A0C /* AppleScriptObjC.framework */; };
		398CFBE81F31F03B006F8A0C /* main.m in Sources */ = {isa = PBXBuildFile; fileRef = 398CFBE71F31F03B006F8A0C /* main.m */; };
		398CFBEA1F31F03B006F8A0C /* AppDelegate.applescript in Sources */ = {isa = PBXBuildFile; fileRef = 398CFBE91F31F03B006F8A0C /* AppDelegate.applescript */; };
		398CFBEC1F31F03B006F8A0C /* Assets.xcassets in Resources */ = {isa = PBXBuildFile; fileRef = 398CFBEB1F31F03B006F8A0C /* Assets.xcassets */; };
		398CFBEF1F31F03B006F8A0C /* MainMenu.xib in Resources */ = {isa = PBXBuildFile; fileRef = 398CFBED1F31F03B006F8A0C /* MainMenu.xib */; };
		398CFBF71F3220AB006F8A0C /* Print UCL Install.scpt in Resources */ = {isa = PBXBuildFile; fileRef = 398CFBF61F3220AB006F8A0C /* Print UCL Install.scpt */; };
/* End PBXBuildFile section */

/* Begin PBXFileReference section */
		398CFBE01F31F03B006F8A0C /* Print@UCL Mac Installer.app */ = {isa = PBXFileReference; explicitFileType = wrapper.application; includeInIndex = 0; path = "Print@UCL Mac Installer.app"; sourceTree = BUILT_PRODUCTS_DIR; };
		398CFBE31F31F03B006F8A0C /* AppleScriptObjC.framework */ = {isa = PBXFileReference; lastKnownFileType = wrapper.framework; name = AppleScriptObjC.framework; path = System/Library/Frameworks/AppleScriptObjC.framework; sourceTree = SDKROOT; };
		398CFBE71F31F03B006F8A0C /* main.m */ = {isa = PBXFileReference; lastKnownFileType = sourcecode.c.objc; path = main.m; sourceTree = "<group>"; };
		398CFBE91F31F03B006F8A0C /* AppDelegate.applescript */ = {isa = PBXFileReference; lastKnownFileType = sourcecode.applescript; path = AppDelegate.applescript; sourceTree = "<group>"; };
		398CFBEB1F31F03B006F8A0C /* Assets.xcassets */ = {isa = PBXFileReference; lastKnownFileType = folder.assetcatalog; path = Assets.xcassets; sourceTree = "<group>"; };
		398CFBEE1F31F03B006F8A0C /* Base */ = {isa = PBXFileReference; lastKnownFileType = file.xib; name = Base; path = Base.lproj/MainMenu.xib; sourceTree = "<group>"; };
		398CFBF01F31F03B006F8A0C /* Info.plist */ = {isa = PBXFileReference; lastKnownFileType = text.plist.xml; path = Info.plist; sourceTree = "<group>"; };
		398CFBF61F3220AB006F8A0C /* Print UCL Install.scpt */ = {isa = PBXFileReference; lastKnownFileType = file; path = "Print UCL Install.scpt"; sourceTree = "<group>"; };
/* End PBXFileReference section */

/* Begin PBXFrameworksBuildPhase section */
		398CFBDD1F31F03B006F8A0C /* Frameworks */ = {
			isa = PBXFrameworksBuildPhase;
			buildActionMask = 2147483647;
			files = (
				398CFBE41F31F03B006F8A0C /* AppleScriptObjC.framework in Frameworks */,
			);
			runOnlyForDeploymentPostprocessing = 0;
		};
/* End PBXFrameworksBuildPhase section */

/* Begin PBXGroup section */
		398CFBD71F31F03B006F8A0C = {
			isa = PBXGroup;
			children = (
				398CFBE51F31F03B006F8A0C /* Print@UCL Mac Installer */,
				398CFBE21F31F03B006F8A0C /* Frameworks */,
				398CFBE11F31F03B006F8A0C /* Products */,
				398CFBF61F3220AB006F8A0C /* Print UCL Install.scpt */,
			);
			sourceTree = "<group>";
		};
		398CFBE11F31F03B006F8A0C /* Products */ = {
			isa = PBXGroup;
			children = (
				398CFBE01F31F03B006F8A0C /* Print@UCL Mac Installer.app */,
			);
			name = Products;
			sourceTree = "<group>";
		};
		398CFBE21F31F03B006F8A0C /* Frameworks */ = {
			isa = PBXGroup;
			children = (
				398CFBE31F31F03B006F8A0C /* AppleScriptObjC.framework */,
			);
			name = Frameworks;
			sourceTree = "<group>";
		};
		398CFBE51F31F03B006F8A0C /* Print@UCL Mac Installer */ = {
			isa = PBXGroup;
			children = (
				398CFBE91F31F03B006F8A0C /* AppDelegate.applescript */,
				398CFBEB1F31F03B006F8A0C /* Assets.xcassets */,
				398CFBED1F31F03B006F8A0C /* MainMenu.xib */,
				398CFBF01F31F03B006F8A0C /* Info.plist */,
				398CFBE61F31F03B006F8A0C /* Supporting Files */,
			);
			path = "Print@UCL Mac Installer";
			sourceTree = "<group>";
		};
		398CFBE61F31F03B006F8A0C /* Supporting Files */ = {
			isa = PBXGroup;
			children = (
				398CFBE71F31F03B006F8A0C /* main.m */,
			);
			name = "Supporting Files";
			sourceTree = "<group>";
		};
/* End PBXGroup section */

/* Begin PBXNativeTarget section */
		398CFBDF1F31F03B006F8A0C /* Print@UCL Mac Installer */ = {
			isa = PBXNativeTarget;
			buildConfigurationList = 398CFBF31F31F03B006F8A0C /* Build configuration list for PBXNativeTarget "Print@UCL Mac Installer" */;
			buildPhases = (
				398CFBDC1F31F03B006F8A0C /* Sources */,
				398CFBDD1F31F03B006F8A0C /* Frameworks */,
				398CFBDE1F31F03B006F8A0C /* Resources */,
			);
			buildRules = (
			);
			dependencies = (
			);
			name = "Print@UCL Mac Installer";
			productName = "Print@UCL Mac Installer";
			productReference = 398CFBE01F31F03B006F8A0C /* Print@UCL Mac Installer.app */;
			productType = "com.apple.product-type.application";
		};
/* End PBXNativeTarget section */

/* Begin PBXProject section */
		398CFBD81F31F03B006F8A0C /* Project object */ = {
			isa = PBXProject;
			attributes = {
				LastUpgradeCheck = 0830;
				ORGANIZATIONNAME = "University College London";
				TargetAttributes = {
					398CFBDF1F31F03B006F8A0C = {
						CreatedOnToolsVersion = 8.3.3;
						DevelopmentTeam = NJF475DQF5;
						ProvisioningStyle = Automatic;
					};
				};
			};
			buildConfigurationList = 398CFBDB1F31F03B006F8A0C /* Build configuration list for PBXProject "Print@UCL Mac Installer" */;
			compatibilityVersion = "Xcode 3.2";
			developmentRegion = English;
			hasScannedForEncodings = 0;
			knownRegions = (
				en,
				Base,
			);
			mainGroup = 398CFBD71F31F03B006F8A0C;
			productRefGroup = 398CFBE11F31F03B006F8A0C /* Products */;
			projectDirPath = "";
			projectRoot = "";
			targets = (
				398CFBDF1F31F03B006F8A0C /* Print@UCL Mac Installer */,
			);
		};
/* End PBXProject section */

/* Begin PBXResourcesBuildPhase section */
		398CFBDE1F31F03B006F8A0C /* Resources */ = {
			isa = PBXResourcesBuildPhase;
			buildActionMask = 2147483647;
			files = (
				398CFBEC1F31F03B006F8A0C /* Assets.xcassets in Resources */,
				398CFBEF1F31F03B006F8A0C /* MainMenu.xib in Resources */,
				398CFBF71F3220AB006F8A0C /* Print UCL Install.scpt in Resources */,
			);
			runOnlyForDeploymentPostprocessing = 0;
		};
/* End PBXResourcesBuildPhase section */

/* Begin PBXSourcesBuildPhase section */
		398CFBDC1F31F03B006F8A0C /* Sources */ = {
			isa = PBXSourcesBuildPhase;
			buildActionMask = 2147483647;
			files = (
				398CFBEA1F31F03B006F8A0C /* AppDelegate.applescript in Sources */,
				398CFBE81F31F03B006F8A0C /* main.m in Sources */,
			);
			runOnlyForDeploymentPostprocessing = 0;
		};
/* End PBXSourcesBuildPhase section */

/* Begin PBXVariantGroup section */
		398CFBED1F31F03B006F8A0C /* MainMenu.xib */ = {
			isa = PBXVariantGroup;
			children = (
				398CFBEE1F31F03B006F8A0C /* Base */,
			);
			name = MainMenu.xib;
			sourceTree = "<group>";
		};
/* End PBXVariantGroup section */

/* Begin XCBuildConfiguration section */
		398CFBF11F31F03B006F8A0C /* Debug */ = {
			isa = XCBuildConfiguration;
			buildSettings = {
				ALWAYS_SEARCH_USER_PATHS = NO;
				CLANG_ANALYZER_NONNULL = YES;
				CLANG_ANALYZER_NUMBER_OBJECT_CONVERSION = YES_AGGRESSIVE;
				CLANG_CXX_LANGUAGE_STANDARD = "gnu++0x";
				CLANG_CXX_LIBRARY = "libc++";
				CLANG_ENABLE_MODULES = YES;
				CLANG_ENABLE_OBJC_ARC = YES;
				CLANG_WARN_BOOL_CONVERSION = YES;
				CLANG_WARN_CONSTANT_CONVERSION = YES;
				CLANG_WARN_DIRECT_OBJC_ISA_USAGE = YES_ERROR;
				CLANG_WARN_DOCUMENTATION_COMMENTS = YES;
				CLANG_WARN_EMPTY_BODY = YES;
				CLANG_WARN_ENUM_CONVERSION = YES;
				CLANG_WARN_INFINITE_RECURSION = YES;
				CLANG_WARN_INT_CONVERSION = YES;
				CLANG_WARN_OBJC_ROOT_CLASS = YES_ERROR;
				CLANG_WARN_SUSPICIOUS_MOVE = YES;
				CLANG_WARN_UNREACHABLE_CODE = YES;
				CLANG_WARN__DUPLICATE_METHOD_MATCH = YES;
				CODE_SIGN_IDENTITY = "-";
				COPY_PHASE_STRIP = NO;
				DEBUG_INFORMATION_FORMAT = dwarf;
				ENABLE_STRICT_OBJC_MSGSEND = YES;
				ENABLE_TESTABILITY = YES;
				GCC_C_LANGUAGE_STANDARD = gnu99;
				GCC_DYNAMIC_NO_PIC = NO;
				GCC_NO_COMMON_BLOCKS = YES;
				GCC_OPTIMIZATION_LEVEL = 0;
				GCC_PREPROCESSOR_DEFINITIONS = (
					"DEBUG=1",
					"$(inherited)",
				);
				GCC_WARN_64_TO_32_BIT_CONVERSION = YES;
				GCC_WARN_ABOUT_RETURN_TYPE = YES_ERROR;
				GCC_WARN_UNDECLARED_SELECTOR = YES;
				GCC_WARN_UNINITIALIZED_AUTOS = YES_AGGRESSIVE;
				GCC_WARN_UNUSED_FUNCTION = YES;
				GCC_WARN_UNUSED_VARIABLE = YES;
				MACOSX_DEPLOYMENT_TARGET = 10.12;
				MTL_ENABLE_DEBUG_INFO = YES;
				ONLY_ACTIVE_ARCH = YES;
				SDKROOT = macosx;
			};
			name = Debug;
		};
		398CFBF21F31F03B006F8A0C /* Release */ = {
			isa = XCBuildConfiguration;
			buildSettings = {
				ALWAYS_SEARCH_USER_PATHS = NO;
				CLANG_ANALYZER_NONNULL = YES;
				CLANG_ANALYZER_NUMBER_OBJECT_CONVERSION = YES_AGGRESSIVE;
				CLANG_CXX_LANGUAGE_STANDARD = "gnu++0x";
				CLANG_CXX_LIBRARY = "libc++";
				CLANG_ENABLE_MODULES = YES;
				CLANG_ENABLE_OBJC_ARC = YES;
				CLANG_WARN_BOOL_CONVERSION = YES;
				CLANG_WARN_CONSTANT_CONVERSION = YES;
				CLANG_WARN_DIRECT_OBJC_ISA_USAGE = YES_ERROR;
				CLANG_WARN_DOCUMENTATION_COMMENTS = YES;
				CLANG_WARN_EMPTY_BODY = YES;
				CLANG_WARN_ENUM_CONVERSION = YES;
				CLANG_WARN_INFINITE_RECURSION = YES;
				CLANG_WARN_INT_CONVERSION = YES;
				CLANG_WARN_OBJC_ROOT_CLASS = YES_ERROR;
				CLANG_WARN_SUSPICIOUS_MOVE = YES;
				CLANG_WARN_UNREACHABLE_CODE = YES;
				CLANG_WARN__DUPLICATE_METHOD_MATCH = YES;
				CODE_SIGN_IDENTITY = "-";
				COPY_PHASE_STRIP = NO;
				DEBUG_INFORMATION_FORMAT = "dwarf-with-dsym";
				ENABLE_NS_ASSERTIONS = NO;
				ENABLE_STRICT_OBJC_MSGSEND = YES;
				GCC_C_LANGUAGE_STANDARD = gnu99;
				GCC_NO_COMMON_BLOCKS = YES;
				GCC_WARN_64_TO_32_BIT_CONVERSION = YES;
				GCC_WARN_ABOUT_RETURN_TYPE = YES_ERROR;
				GCC_WARN_UNDECLARED_SELECTOR = YES;
				GCC_WARN_UNINITIALIZED_AUTOS = YES_AGGRESSIVE;
				GCC_WARN_UNUSED_FUNCTION = YES;
				GCC_WARN_UNUSED_VARIABLE = YES;
				MACOSX_DEPLOYMENT_TARGET = 10.12;
				MTL_ENABLE_DEBUG_INFO = NO;
				SDKROOT = macosx;
			};
			name = Release;
		};
		398CFBF41F31F03B006F8A0C /* Debug */ = {
			isa = XCBuildConfiguration;
			buildSettings = {
				ASSETCATALOG_COMPILER_APPICON_NAME = AppIcon;
				CODE_SIGN_IDENTITY = "Mac Developer";
				COMBINE_HIDPI_IMAGES = YES;
				DEVELOPMENT_TEAM = NJF475DQF5;
				INFOPLIST_FILE = "Print@UCL Mac Installer/Info.plist";
				LD_RUNPATH_SEARCH_PATHS = "$(inherited) @executable_path/../Frameworks";
				MACOSX_DEPLOYMENT_TARGET = 10.11;
				PRODUCT_BUNDLE_IDENTIFIER = "UCL.Print-UCL-Mac-Installer";
				PRODUCT_NAME = "$(TARGET_NAME)";
				PROVISIONING_PROFILE_SPECIFIER = "";
			};
			name = Debug;
		};
		398CFBF51F31F03B006F8A0C /* Release */ = {
			isa = XCBuildConfiguration;
			buildSettings = {
				ASSETCATALOG_COMPILER_APPICON_NAME = AppIcon;
				CODE_SIGN_IDENTITY = "Mac Developer";
				COMBINE_HIDPI_IMAGES = YES;
				DEVELOPMENT_TEAM = NJF475DQF5;
				INFOPLIST_FILE = "Print@UCL Mac Installer/Info.plist";
				LD_RUNPATH_SEARCH_PATHS = "$(inherited) @executable_path/../Frameworks";
				MACOSX_DEPLOYMENT_TARGET = 10.11;
				PRODUCT_BUNDLE_IDENTIFIER = "UCL.Print-UCL-Mac-Installer";
				PRODUCT_NAME = "$(TARGET_NAME)";
				PROVISIONING_PROFILE_SPECIFIER = "";
			};
			name = Release;
		};
/* End XCBuildConfiguration section */

/* Begin XCConfigurationList section */
		398CFBDB1F31F03B006F8A0C /* Build configuration list for PBXProject "Print@UCL Mac Installer" */ = {
			isa = XCConfigurationList;
			buildConfigurations = (
				398CFBF11F31F03B006F8A0C /* Debug */,
				398CFBF21F31F03B006F8A0C /* Release */,
			);
			defaultConfigurationIsVisible = 0;
			defaultConfigurationName = Release;
		};
		398CFBF31F31F03B006F8A0C /* Build configuration list for PBXNativeTarget "Print@UCL Mac Installer" */ = {
			isa = XCConfigurationList;
			buildConfigurations = (
				398CFBF41F31F03B006F8A0C /* Debug */,
				398CFBF51F31F03B006F8A0C /* Release */,
			);
			defaultConfigurationIsVisible = 0;
		};
/* End XCConfigurationList section */
	};
	rootObject = 398CFBD81F31F03B006F8A0C /* Project object */;
}
